// !$*UTF8*$!
{
	archiveVersion = 1;
	classes = {
	};
	objectVersion = 56;
	objects = {

/* Begin PBXBuildFile section */
		0254779D2C0CE47C001E346F /* GoogleService-Info.plist in Resources */ = {isa = PBXBuildFile; fileRef = 0254779C2C0CE47C001E346F /* GoogleService-Info.plist */; };
		595A25062C040307009F0AB6 /* DateModel.swift in Sources */ = {isa = PBXBuildFile; fileRef = 595A25052C040307009F0AB6 /* DateModel.swift */; };
		595A25082C040372009F0AB6 /* GroceryViewModel.swift in Sources */ = {isa = PBXBuildFile; fileRef = 595A25072C040372009F0AB6 /* GroceryViewModel.swift */; };
		595A250A2C040553009F0AB6 /* GroceryDetailView.swift in Sources */ = {isa = PBXBuildFile; fileRef = 595A25092C040553009F0AB6 /* GroceryDetailView.swift */; };
		595FB0A82C04FB9600BE3AB7 /* RecipeView.swift in Sources */ = {isa = PBXBuildFile; fileRef = 595FB0A72C04FB9600BE3AB7 /* RecipeView.swift */; };
		595FB0AA2C04FBBE00BE3AB7 /* RecipeDetailsView.swift in Sources */ = {isa = PBXBuildFile; fileRef = 595FB0A92C04FBBE00BE3AB7 /* RecipeDetailsView.swift */; };
		595FB0AC2C04FEC300BE3AB7 /* FetchRecipeDetailsData.swift in Sources */ = {isa = PBXBuildFile; fileRef = 595FB0AB2C04FEC300BE3AB7 /* FetchRecipeDetailsData.swift */; };
		595FB0AE2C04FED800BE3AB7 /* FetchRecipeData.swift in Sources */ = {isa = PBXBuildFile; fileRef = 595FB0AD2C04FED800BE3AB7 /* FetchRecipeData.swift */; };
		59736E302C0D35E100CD3D1C /* RecipeCardView.swift in Sources */ = {isa = PBXBuildFile; fileRef = 59736E2F2C0D35E100CD3D1C /* RecipeCardView.swift */; };
		59736E322C0D40C100CD3D1C /* RecipeCardLabelView.swift in Sources */ = {isa = PBXBuildFile; fileRef = 59736E312C0D40C100CD3D1C /* RecipeCardLabelView.swift */; };
		59736E342C0D449700CD3D1C /* RecipeDetailView.swift in Sources */ = {isa = PBXBuildFile; fileRef = 59736E332C0D449700CD3D1C /* RecipeDetailView.swift */; };
		59908F472BFF0E89000C14A3 /* FridgeButlerApp.swift in Sources */ = {isa = PBXBuildFile; fileRef = 59908F462BFF0E89000C14A3 /* FridgeButlerApp.swift */; };
		59908F492BFF0E89000C14A3 /* ContentView.swift in Sources */ = {isa = PBXBuildFile; fileRef = 59908F482BFF0E89000C14A3 /* ContentView.swift */; };
		59908F4B2BFF0E8A000C14A3 /* Assets.xcassets in Resources */ = {isa = PBXBuildFile; fileRef = 59908F4A2BFF0E8A000C14A3 /* Assets.xcassets */; };
		59908F4E2BFF0E8A000C14A3 /* Preview Assets.xcassets in Resources */ = {isa = PBXBuildFile; fileRef = 59908F4D2BFF0E8A000C14A3 /* Preview Assets.xcassets */; };
		59908F502BFF0E8A000C14A3 /* Persistence.swift in Sources */ = {isa = PBXBuildFile; fileRef = 59908F4F2BFF0E8A000C14A3 /* Persistence.swift */; };
		59908F532BFF0E8A000C14A3 /* FridgeButler.xcdatamodeld in Sources */ = {isa = PBXBuildFile; fileRef = 59908F512BFF0E8A000C14A3 /* FridgeButler.xcdatamodeld */; };
		59908F5D2BFF10A6000C14A3 /* GroceryView.swift in Sources */ = {isa = PBXBuildFile; fileRef = 59908F5C2BFF10A6000C14A3 /* GroceryView.swift */; };
		59908F622BFF10CB000C14A3 /* ShoppingListView.swift in Sources */ = {isa = PBXBuildFile; fileRef = 59908F612BFF10CB000C14A3 /* ShoppingListView.swift */; };
		59908F642BFF13A1000C14A3 /* .gitignore in Resources */ = {isa = PBXBuildFile; fileRef = 59908F632BFF13A1000C14A3 /* .gitignore */; };
		59908F662BFF1414000C14A3 /* README.md in Resources */ = {isa = PBXBuildFile; fileRef = 59908F652BFF1414000C14A3 /* README.md */; };
		F8F0FC092BFFC1D5001E1BFE /* AppDelegate.swift in Sources */ = {isa = PBXBuildFile; fileRef = F8F0FC082BFFC1D4001E1BFE /* AppDelegate.swift */; };
		FE900C63F78D25DD89F19FC3 /* Pods_FridgeButler.framework in Frameworks */ = {isa = PBXBuildFile; fileRef = 94716A70E90F5F6D811A3AA2 /* Pods_FridgeButler.framework */; };
/* End PBXBuildFile section */

/* Begin PBXFileReference section */
		0254779C2C0CE47C001E346F /* GoogleService-Info.plist */ = {isa = PBXFileReference; fileEncoding = 4; lastKnownFileType = text.plist.xml; path = "GoogleService-Info.plist"; sourceTree = "<group>"; };
		25E1690B552838385B24B9DF /* Pods-FridgeButler.release.xcconfig */ = {isa = PBXFileReference; includeInIndex = 1; lastKnownFileType = text.xcconfig; name = "Pods-FridgeButler.release.xcconfig"; path = "Target Support Files/Pods-FridgeButler/Pods-FridgeButler.release.xcconfig"; sourceTree = "<group>"; };
		595A25052C040307009F0AB6 /* DateModel.swift */ = {isa = PBXFileReference; lastKnownFileType = sourcecode.swift; path = DateModel.swift; sourceTree = SOURCE_ROOT; };
		595A25072C040372009F0AB6 /* GroceryViewModel.swift */ = {isa = PBXFileReference; lastKnownFileType = sourcecode.swift; path = GroceryViewModel.swift; sourceTree = SOURCE_ROOT; xcLanguageSpecificationIdentifier = xcode.lang.swift; };
		595A25092C040553009F0AB6 /* GroceryDetailView.swift */ = {isa = PBXFileReference; lastKnownFileType = sourcecode.swift; path = GroceryDetailView.swift; sourceTree = "<group>"; };
		595FB0A72C04FB9600BE3AB7 /* RecipeView.swift */ = {isa = PBXFileReference; lastKnownFileType = sourcecode.swift; path = RecipeView.swift; sourceTree = "<group>"; };
		595FB0A92C04FBBE00BE3AB7 /* RecipeDetailsView.swift */ = {isa = PBXFileReference; lastKnownFileType = sourcecode.swift; path = RecipeDetailsView.swift; sourceTree = "<group>"; };
		595FB0AB2C04FEC300BE3AB7 /* FetchRecipeDetailsData.swift */ = {isa = PBXFileReference; lastKnownFileType = sourcecode.swift; path = FetchRecipeDetailsData.swift; sourceTree = "<group>"; };
		595FB0AD2C04FED800BE3AB7 /* FetchRecipeData.swift */ = {isa = PBXFileReference; lastKnownFileType = sourcecode.swift; path = FetchRecipeData.swift; sourceTree = "<group>"; };
		59736E2F2C0D35E100CD3D1C /* RecipeCardView.swift */ = {isa = PBXFileReference; lastKnownFileType = sourcecode.swift; path = RecipeCardView.swift; sourceTree = "<group>"; };
		59736E312C0D40C100CD3D1C /* RecipeCardLabelView.swift */ = {isa = PBXFileReference; lastKnownFileType = sourcecode.swift; path = RecipeCardLabelView.swift; sourceTree = "<group>"; };
		59736E332C0D449700CD3D1C /* RecipeDetailView.swift */ = {isa = PBXFileReference; lastKnownFileType = sourcecode.swift; path = RecipeDetailView.swift; sourceTree = "<group>"; };
		59908F432BFF0E89000C14A3 /* FridgeButler.app */ = {isa = PBXFileReference; explicitFileType = wrapper.application; includeInIndex = 0; path = FridgeButler.app; sourceTree = BUILT_PRODUCTS_DIR; };
		59908F462BFF0E89000C14A3 /* FridgeButlerApp.swift */ = {isa = PBXFileReference; lastKnownFileType = sourcecode.swift; path = FridgeButlerApp.swift; sourceTree = "<group>"; };
		59908F482BFF0E89000C14A3 /* ContentView.swift */ = {isa = PBXFileReference; lastKnownFileType = sourcecode.swift; path = ContentView.swift; sourceTree = "<group>"; };
		59908F4A2BFF0E8A000C14A3 /* Assets.xcassets */ = {isa = PBXFileReference; lastKnownFileType = folder.assetcatalog; path = Assets.xcassets; sourceTree = "<group>"; };
		59908F4D2BFF0E8A000C14A3 /* Preview Assets.xcassets */ = {isa = PBXFileReference; lastKnownFileType = folder.assetcatalog; path = "Preview Assets.xcassets"; sourceTree = "<group>"; };
		59908F4F2BFF0E8A000C14A3 /* Persistence.swift */ = {isa = PBXFileReference; lastKnownFileType = sourcecode.swift; path = Persistence.swift; sourceTree = "<group>"; };
		59908F522BFF0E8A000C14A3 /* FridgeButler.xcdatamodel */ = {isa = PBXFileReference; lastKnownFileType = wrapper.xcdatamodel; path = FridgeButler.xcdatamodel; sourceTree = "<group>"; };
		59908F5C2BFF10A6000C14A3 /* GroceryView.swift */ = {isa = PBXFileReference; lastKnownFileType = sourcecode.swift; path = GroceryView.swift; sourceTree = "<group>"; };
		59908F612BFF10CB000C14A3 /* ShoppingListView.swift */ = {isa = PBXFileReference; lastKnownFileType = sourcecode.swift; path = ShoppingListView.swift; sourceTree = "<group>"; };
		59908F632BFF13A1000C14A3 /* .gitignore */ = {isa = PBXFileReference; lastKnownFileType = text; path = .gitignore; sourceTree = "<group>"; };
		59908F652BFF1414000C14A3 /* README.md */ = {isa = PBXFileReference; lastKnownFileType = net.daringfireball.markdown; path = README.md; sourceTree = "<group>"; };
		93B05FD1CEE0D86980A4058C /* Pods-FridgeButler.debug.xcconfig */ = {isa = PBXFileReference; includeInIndex = 1; lastKnownFileType = text.xcconfig; name = "Pods-FridgeButler.debug.xcconfig"; path = "Target Support Files/Pods-FridgeButler/Pods-FridgeButler.debug.xcconfig"; sourceTree = "<group>"; };
		94716A70E90F5F6D811A3AA2 /* Pods_FridgeButler.framework */ = {isa = PBXFileReference; explicitFileType = wrapper.framework; includeInIndex = 0; path = Pods_FridgeButler.framework; sourceTree = BUILT_PRODUCTS_DIR; };
		F8F0FC082BFFC1D4001E1BFE /* AppDelegate.swift */ = {isa = PBXFileReference; lastKnownFileType = sourcecode.swift; path = AppDelegate.swift; sourceTree = "<group>"; };
/* End PBXFileReference section */

/* Begin PBXFrameworksBuildPhase section */
		59908F402BFF0E89000C14A3 /* Frameworks */ = {
			isa = PBXFrameworksBuildPhase;
			buildActionMask = 2147483647;
			files = (
				FE900C63F78D25DD89F19FC3 /* Pods_FridgeButler.framework in Frameworks */,
			);
			runOnlyForDeploymentPostprocessing = 0;
		};
/* End PBXFrameworksBuildPhase section */

/* Begin PBXGroup section */
		59908F3A2BFF0E89000C14A3 = {
			isa = PBXGroup;
			children = (
				59908F5A2BFF1060000C14A3 /* DataModels */,
				59908F592BFF1056000C14A3 /* Views */,
				59908F462BFF0E89000C14A3 /* FridgeButlerApp.swift */,
				F8F0FC082BFFC1D4001E1BFE /* AppDelegate.swift */,
				59908F4A2BFF0E8A000C14A3 /* Assets.xcassets */,
				59908F4F2BFF0E8A000C14A3 /* Persistence.swift */,
				59908F512BFF0E8A000C14A3 /* FridgeButler.xcdatamodeld */,
				59908F4C2BFF0E8A000C14A3 /* Preview Content */,
				59908F632BFF13A1000C14A3 /* .gitignore */,
				59908F652BFF1414000C14A3 /* README.md */,
				0254779C2C0CE47C001E346F /* GoogleService-Info.plist */,
				59908F442BFF0E89000C14A3 /* Products */,
				951B55B025E0C52515729639 /* Pods */,
				E0A517C5EDC36B71628EA05B /* Frameworks */,
			);
			sourceTree = "<group>";
		};
		59908F442BFF0E89000C14A3 /* Products */ = {
			isa = PBXGroup;
			children = (
				59908F432BFF0E89000C14A3 /* FridgeButler.app */,
			);
			name = Products;
			sourceTree = "<group>";
		};
		59908F4C2BFF0E8A000C14A3 /* Preview Content */ = {
			isa = PBXGroup;
			children = (
				59908F4D2BFF0E8A000C14A3 /* Preview Assets.xcassets */,
			);
			path = "Preview Content";
			sourceTree = "<group>";
		};
		59908F592BFF1056000C14A3 /* Views */ = {
			isa = PBXGroup;
			children = (
				59908F482BFF0E89000C14A3 /* ContentView.swift */,
				59908F5C2BFF10A6000C14A3 /* GroceryView.swift */,
				59908F612BFF10CB000C14A3 /* ShoppingListView.swift */,
				595A25092C040553009F0AB6 /* GroceryDetailView.swift */,
				595FB0A72C04FB9600BE3AB7 /* RecipeView.swift */,
				59736E2F2C0D35E100CD3D1C /* RecipeCardView.swift */,
				59736E312C0D40C100CD3D1C /* RecipeCardLabelView.swift */,
				595FB0A92C04FBBE00BE3AB7 /* RecipeDetailsView.swift */,
				59736E332C0D449700CD3D1C /* RecipeDetailView.swift */,
			);
			path = Views;
			sourceTree = "<group>";
		};
		59908F5A2BFF1060000C14A3 /* DataModels */ = {
			isa = PBXGroup;
			children = (
				595A25052C040307009F0AB6 /* DateModel.swift */,
				595A25072C040372009F0AB6 /* GroceryViewModel.swift */,
				595FB0AB2C04FEC300BE3AB7 /* FetchRecipeDetailsData.swift */,
				595FB0AD2C04FED800BE3AB7 /* FetchRecipeData.swift */,
			);
			path = DataModels;
			sourceTree = "<group>";
		};
		951B55B025E0C52515729639 /* Pods */ = {
			isa = PBXGroup;
			children = (
				93B05FD1CEE0D86980A4058C /* Pods-FridgeButler.debug.xcconfig */,
				25E1690B552838385B24B9DF /* Pods-FridgeButler.release.xcconfig */,
			);
			path = Pods;
			sourceTree = "<group>";
		};
		E0A517C5EDC36B71628EA05B /* Frameworks */ = {
			isa = PBXGroup;
			children = (
				94716A70E90F5F6D811A3AA2 /* Pods_FridgeButler.framework */,
			);
			name = Frameworks;
			sourceTree = "<group>";
		};
/* End PBXGroup section */

/* Begin PBXNativeTarget section */
		59908F422BFF0E89000C14A3 /* FridgeButler */ = {
			isa = PBXNativeTarget;
			buildConfigurationList = 59908F562BFF0E8A000C14A3 /* Build configuration list for PBXNativeTarget "FridgeButler" */;
			buildPhases = (
				FBA6C0FB23A75525AFDB2DD8 /* [CP] Check Pods Manifest.lock */,
				59908F3F2BFF0E89000C14A3 /* Sources */,
				59908F402BFF0E89000C14A3 /* Frameworks */,
				59908F412BFF0E89000C14A3 /* Resources */,
				C0434056D7D70E3FE8C80296 /* [CP] Embed Pods Frameworks */,
			);
			buildRules = (
			);
			dependencies = (
			);
			name = FridgeButler;
			productName = FridgeButler;
			productReference = 59908F432BFF0E89000C14A3 /* FridgeButler.app */;
			productType = "com.apple.product-type.application";
		};
/* End PBXNativeTarget section */

/* Begin PBXProject section */
		59908F3B2BFF0E89000C14A3 /* Project object */ = {
			isa = PBXProject;
			attributes = {
				BuildIndependentTargetsInParallel = 1;
				LastSwiftUpdateCheck = 1530;
				LastUpgradeCheck = 1530;
				TargetAttributes = {
					59908F422BFF0E89000C14A3 = {
						CreatedOnToolsVersion = 15.3;
					};
				};
			};
			buildConfigurationList = 59908F3E2BFF0E89000C14A3 /* Build configuration list for PBXProject "FridgeButler" */;
			compatibilityVersion = "Xcode 14.0";
			developmentRegion = en;
			hasScannedForEncodings = 0;
			knownRegions = (
				en,
				Base,
			);
			mainGroup = 59908F3A2BFF0E89000C14A3;
			packageReferences = (
				F8F0FC072BFFC0B2001E1BFE /* XCRemoteSwiftPackageReference "firebase-ios-sdk" */,
			);
			productRefGroup = 59908F442BFF0E89000C14A3 /* Products */;
			projectDirPath = "";
			projectRoot = "";
			targets = (
				59908F422BFF0E89000C14A3 /* FridgeButler */,
			);
		};
/* End PBXProject section */

/* Begin PBXResourcesBuildPhase section */
		59908F412BFF0E89000C14A3 /* Resources */ = {
			isa = PBXResourcesBuildPhase;
			buildActionMask = 2147483647;
			files = (
				59908F4E2BFF0E8A000C14A3 /* Preview Assets.xcassets in Resources */,
				59908F642BFF13A1000C14A3 /* .gitignore in Resources */,
				0254779D2C0CE47C001E346F /* GoogleService-Info.plist in Resources */,
				59908F662BFF1414000C14A3 /* README.md in Resources */,
				59908F4B2BFF0E8A000C14A3 /* Assets.xcassets in Resources */,
			);
			runOnlyForDeploymentPostprocessing = 0;
		};
/* End PBXResourcesBuildPhase section */

/* Begin PBXShellScriptBuildPhase section */
		C0434056D7D70E3FE8C80296 /* [CP] Embed Pods Frameworks */ = {
			isa = PBXShellScriptBuildPhase;
			buildActionMask = 2147483647;
			files = (
			);
			inputFileListPaths = (
				"${PODS_ROOT}/Target Support Files/Pods-FridgeButler/Pods-FridgeButler-frameworks-${CONFIGURATION}-input-files.xcfilelist",
			);
			name = "[CP] Embed Pods Frameworks";
			outputFileListPaths = (
				"${PODS_ROOT}/Target Support Files/Pods-FridgeButler/Pods-FridgeButler-frameworks-${CONFIGURATION}-output-files.xcfilelist",
			);
			runOnlyForDeploymentPostprocessing = 0;
			shellPath = /bin/sh;
			shellScript = "\"${PODS_ROOT}/Target Support Files/Pods-FridgeButler/Pods-FridgeButler-frameworks.sh\"\n";
			showEnvVarsInLog = 0;
		};
		FBA6C0FB23A75525AFDB2DD8 /* [CP] Check Pods Manifest.lock */ = {
			isa = PBXShellScriptBuildPhase;
			buildActionMask = 2147483647;
			files = (
			);
			inputFileListPaths = (
			);
			inputPaths = (
				"${PODS_PODFILE_DIR_PATH}/Podfile.lock",
				"${PODS_ROOT}/Manifest.lock",
			);
			name = "[CP] Check Pods Manifest.lock";
			outputFileListPaths = (
			);
			outputPaths = (
				"$(DERIVED_FILE_DIR)/Pods-FridgeButler-checkManifestLockResult.txt",
			);
			runOnlyForDeploymentPostprocessing = 0;
			shellPath = /bin/sh;
			shellScript = "diff \"${PODS_PODFILE_DIR_PATH}/Podfile.lock\" \"${PODS_ROOT}/Manifest.lock\" > /dev/null\nif [ $? != 0 ] ; then\n    # print error to STDERR\n    echo \"error: The sandbox is not in sync with the Podfile.lock. Run 'pod install' or update your CocoaPods installation.\" >&2\n    exit 1\nfi\n# This output is used by Xcode 'outputs' to avoid re-running this script phase.\necho \"SUCCESS\" > \"${SCRIPT_OUTPUT_FILE_0}\"\n";
			showEnvVarsInLog = 0;
		};
/* End PBXShellScriptBuildPhase section */

/* Begin PBXSourcesBuildPhase section */
		59908F3F2BFF0E89000C14A3 /* Sources */ = {
			isa = PBXSourcesBuildPhase;
			buildActionMask = 2147483647;
			files = (
				F8F0FC092BFFC1D5001E1BFE /* AppDelegate.swift in Sources */,
				59736E322C0D40C100CD3D1C /* RecipeCardLabelView.swift in Sources */,
				59908F532BFF0E8A000C14A3 /* FridgeButler.xcdatamodeld in Sources */,
				59908F622BFF10CB000C14A3 /* ShoppingListView.swift in Sources */,
				59908F5D2BFF10A6000C14A3 /* GroceryView.swift in Sources */,
				59908F502BFF0E8A000C14A3 /* Persistence.swift in Sources */,
				595FB0AE2C04FED800BE3AB7 /* FetchRecipeData.swift in Sources */,
				595A25062C040307009F0AB6 /* DateModel.swift in Sources */,
				595A25082C040372009F0AB6 /* GroceryViewModel.swift in Sources */,
				595FB0AC2C04FEC300BE3AB7 /* FetchRecipeDetailsData.swift in Sources */,
				595FB0A82C04FB9600BE3AB7 /* RecipeView.swift in Sources */,
				595A250A2C040553009F0AB6 /* GroceryDetailView.swift in Sources */,
				59736E302C0D35E100CD3D1C /* RecipeCardView.swift in Sources */,
				595FB0AA2C04FBBE00BE3AB7 /* RecipeDetailsView.swift in Sources */,
				59908F492BFF0E89000C14A3 /* ContentView.swift in Sources */,
				59908F472BFF0E89000C14A3 /* FridgeButlerApp.swift in Sources */,
				59736E342C0D449700CD3D1C /* RecipeDetailView.swift in Sources */,
			);
			runOnlyForDeploymentPostprocessing = 0;
		};
/* End PBXSourcesBuildPhase section */

/* Begin XCBuildConfiguration section */
		59908F542BFF0E8A000C14A3 /* Debug */ = {
			isa = XCBuildConfiguration;
			buildSettings = {
				ALWAYS_SEARCH_USER_PATHS = NO;
				ASSETCATALOG_COMPILER_GENERATE_SWIFT_ASSET_SYMBOL_EXTENSIONS = YES;
				CLANG_ANALYZER_NONNULL = YES;
				CLANG_ANALYZER_NUMBER_OBJECT_CONVERSION = YES_AGGRESSIVE;
				CLANG_CXX_LANGUAGE_STANDARD = "gnu++20";
				CLANG_ENABLE_MODULES = YES;
				CLANG_ENABLE_OBJC_ARC = YES;
				CLANG_ENABLE_OBJC_WEAK = YES;
				CLANG_WARN_BLOCK_CAPTURE_AUTORELEASING = YES;
				CLANG_WARN_BOOL_CONVERSION = YES;
				CLANG_WARN_COMMA = YES;
				CLANG_WARN_CONSTANT_CONVERSION = YES;
				CLANG_WARN_DEPRECATED_OBJC_IMPLEMENTATIONS = YES;
				CLANG_WARN_DIRECT_OBJC_ISA_USAGE = YES_ERROR;
				CLANG_WARN_DOCUMENTATION_COMMENTS = YES;
				CLANG_WARN_EMPTY_BODY = YES;
				CLANG_WARN_ENUM_CONVERSION = YES;
				CLANG_WARN_INFINITE_RECURSION = YES;
				CLANG_WARN_INT_CONVERSION = YES;
				CLANG_WARN_NON_LITERAL_NULL_CONVERSION = YES;
				CLANG_WARN_OBJC_IMPLICIT_RETAIN_SELF = YES;
				CLANG_WARN_OBJC_LITERAL_CONVERSION = YES;
				CLANG_WARN_OBJC_ROOT_CLASS = YES_ERROR;
				CLANG_WARN_QUOTED_INCLUDE_IN_FRAMEWORK_HEADER = YES;
				CLANG_WARN_RANGE_LOOP_ANALYSIS = YES;
				CLANG_WARN_STRICT_PROTOTYPES = YES;
				CLANG_WARN_SUSPICIOUS_MOVE = YES;
				CLANG_WARN_UNGUARDED_AVAILABILITY = YES_AGGRESSIVE;
				CLANG_WARN_UNREACHABLE_CODE = YES;
				CLANG_WARN__DUPLICATE_METHOD_MATCH = YES;
				COPY_PHASE_STRIP = NO;
				DEBUG_INFORMATION_FORMAT = dwarf;
				ENABLE_STRICT_OBJC_MSGSEND = YES;
				ENABLE_TESTABILITY = YES;
				ENABLE_USER_SCRIPT_SANDBOXING = NO;
				GCC_C_LANGUAGE_STANDARD = gnu17;
				GCC_DYNAMIC_NO_PIC = NO;
				GCC_NO_COMMON_BLOCKS = YES;
				GCC_OPTIMIZATION_LEVEL = 0;
				GCC_PREPROCESSOR_DEFINITIONS = (
					"DEBUG=1",
					"$(inherited)",
				);
				GCC_WARN_64_TO_32_BIT_CONVERSION = YES;
				GCC_WARN_ABOUT_RETURN_TYPE = YES_ERROR;
				GCC_WARN_UNDECLARED_SELECTOR = YES;
				GCC_WARN_UNINITIALIZED_AUTOS = YES_AGGRESSIVE;
				GCC_WARN_UNUSED_FUNCTION = YES;
				GCC_WARN_UNUSED_VARIABLE = YES;
				IPHONEOS_DEPLOYMENT_TARGET = 17.4;
				LOCALIZATION_PREFERS_STRING_CATALOGS = YES;
				MTL_ENABLE_DEBUG_INFO = INCLUDE_SOURCE;
				MTL_FAST_MATH = YES;
				ONLY_ACTIVE_ARCH = YES;
				SDKROOT = iphoneos;
				SWIFT_ACTIVE_COMPILATION_CONDITIONS = "DEBUG $(inherited)";
				SWIFT_OPTIMIZATION_LEVEL = "-Onone";
			};
			name = Debug;
		};
		59908F552BFF0E8A000C14A3 /* Release */ = {
			isa = XCBuildConfiguration;
			buildSettings = {
				ALWAYS_SEARCH_USER_PATHS = NO;
				ASSETCATALOG_COMPILER_GENERATE_SWIFT_ASSET_SYMBOL_EXTENSIONS = YES;
				CLANG_ANALYZER_NONNULL = YES;
				CLANG_ANALYZER_NUMBER_OBJECT_CONVERSION = YES_AGGRESSIVE;
				CLANG_CXX_LANGUAGE_STANDARD = "gnu++20";
				CLANG_ENABLE_MODULES = YES;
				CLANG_ENABLE_OBJC_ARC = YES;
				CLANG_ENABLE_OBJC_WEAK = YES;
				CLANG_WARN_BLOCK_CAPTURE_AUTORELEASING = YES;
				CLANG_WARN_BOOL_CONVERSION = YES;
				CLANG_WARN_COMMA = YES;
				CLANG_WARN_CONSTANT_CONVERSION = YES;
				CLANG_WARN_DEPRECATED_OBJC_IMPLEMENTATIONS = YES;
				CLANG_WARN_DIRECT_OBJC_ISA_USAGE = YES_ERROR;
				CLANG_WARN_DOCUMENTATION_COMMENTS = YES;
				CLANG_WARN_EMPTY_BODY = YES;
				CLANG_WARN_ENUM_CONVERSION = YES;
				CLANG_WARN_INFINITE_RECURSION = YES;
				CLANG_WARN_INT_CONVERSION = YES;
				CLANG_WARN_NON_LITERAL_NULL_CONVERSION = YES;
				CLANG_WARN_OBJC_IMPLICIT_RETAIN_SELF = YES;
				CLANG_WARN_OBJC_LITERAL_CONVERSION = YES;
				CLANG_WARN_OBJC_ROOT_CLASS = YES_ERROR;
				CLANG_WARN_QUOTED_INCLUDE_IN_FRAMEWORK_HEADER = YES;
				CLANG_WARN_RANGE_LOOP_ANALYSIS = YES;
				CLANG_WARN_STRICT_PROTOTYPES = YES;
				CLANG_WARN_SUSPICIOUS_MOVE = YES;
				CLANG_WARN_UNGUARDED_AVAILABILITY = YES_AGGRESSIVE;
				CLANG_WARN_UNREACHABLE_CODE = YES;
				CLANG_WARN__DUPLICATE_METHOD_MATCH = YES;
				COPY_PHASE_STRIP = NO;
				DEBUG_INFORMATION_FORMAT = "dwarf-with-dsym";
				ENABLE_NS_ASSERTIONS = NO;
				ENABLE_STRICT_OBJC_MSGSEND = YES;
				ENABLE_USER_SCRIPT_SANDBOXING = NO;
				GCC_C_LANGUAGE_STANDARD = gnu17;
				GCC_NO_COMMON_BLOCKS = YES;
				GCC_WARN_64_TO_32_BIT_CONVERSION = YES;
				GCC_WARN_ABOUT_RETURN_TYPE = YES_ERROR;
				GCC_WARN_UNDECLARED_SELECTOR = YES;
				GCC_WARN_UNINITIALIZED_AUTOS = YES_AGGRESSIVE;
				GCC_WARN_UNUSED_FUNCTION = YES;
				GCC_WARN_UNUSED_VARIABLE = YES;
				IPHONEOS_DEPLOYMENT_TARGET = 17.4;
				LOCALIZATION_PREFERS_STRING_CATALOGS = YES;
				MTL_ENABLE_DEBUG_INFO = NO;
				MTL_FAST_MATH = YES;
				SDKROOT = iphoneos;
				SWIFT_COMPILATION_MODE = wholemodule;
				VALIDATE_PRODUCT = YES;
			};
			name = Release;
		};
		59908F572BFF0E8A000C14A3 /* Debug */ = {
			isa = XCBuildConfiguration;
			baseConfigurationReference = 93B05FD1CEE0D86980A4058C /* Pods-FridgeButler.debug.xcconfig */;
			buildSettings = {
				ASSETCATALOG_COMPILER_APPICON_NAME = AppIcon;
				ASSETCATALOG_COMPILER_GLOBAL_ACCENT_COLOR_NAME = AccentColor;
				CODE_SIGN_STYLE = Automatic;
				CURRENT_PROJECT_VERSION = 1;
				DEVELOPMENT_ASSET_PATHS = "\"Preview Content\"";
				DEVELOPMENT_TEAM = 6C2M2DGQA3;
				ENABLE_PREVIEWS = YES;
				GENERATE_INFOPLIST_FILE = YES;
				INFOPLIST_KEY_UIApplicationSceneManifest_Generation = YES;
				INFOPLIST_KEY_UIApplicationSupportsIndirectInputEvents = YES;
				INFOPLIST_KEY_UILaunchScreen_Generation = YES;
				INFOPLIST_KEY_UISupportedInterfaceOrientations_iPad = "UIInterfaceOrientationPortrait UIInterfaceOrientationPortraitUpsideDown UIInterfaceOrientationLandscapeLeft UIInterfaceOrientationLandscapeRight";
				INFOPLIST_KEY_UISupportedInterfaceOrientations_iPhone = "UIInterfaceOrientationPortrait UIInterfaceOrientationLandscapeLeft UIInterfaceOrientationLandscapeRight";
				LD_RUNPATH_SEARCH_PATHS = (
					"$(inherited)",
					"@executable_path/Frameworks",
				);
				MARKETING_VERSION = 1.0;
				PRODUCT_BUNDLE_IDENTIFIER = edu.uw.ischool.2375032.FridgeButler;
				PRODUCT_NAME = "$(TARGET_NAME)";
				SWIFT_EMIT_LOC_STRINGS = YES;
				SWIFT_VERSION = 5.0;
				TARGETED_DEVICE_FAMILY = "1,2";
			};
			name = Debug;
		};
		59908F582BFF0E8A000C14A3 /* Release */ = {
			isa = XCBuildConfiguration;
			baseConfigurationReference = 25E1690B552838385B24B9DF /* Pods-FridgeButler.release.xcconfig */;
			buildSettings = {
				ASSETCATALOG_COMPILER_APPICON_NAME = AppIcon;
				ASSETCATALOG_COMPILER_GLOBAL_ACCENT_COLOR_NAME = AccentColor;
				CODE_SIGN_STYLE = Automatic;
				CURRENT_PROJECT_VERSION = 1;
				DEVELOPMENT_ASSET_PATHS = "\"Preview Content\"";
				DEVELOPMENT_TEAM = 6C2M2DGQA3;
				ENABLE_PREVIEWS = YES;
				GENERATE_INFOPLIST_FILE = YES;
				INFOPLIST_KEY_UIApplicationSceneManifest_Generation = YES;
				INFOPLIST_KEY_UIApplicationSupportsIndirectInputEvents = YES;
				INFOPLIST_KEY_UILaunchScreen_Generation = YES;
				INFOPLIST_KEY_UISupportedInterfaceOrientations_iPad = "UIInterfaceOrientationPortrait UIInterfaceOrientationPortraitUpsideDown UIInterfaceOrientationLandscapeLeft UIInterfaceOrientationLandscapeRight";
				INFOPLIST_KEY_UISupportedInterfaceOrientations_iPhone = "UIInterfaceOrientationPortrait UIInterfaceOrientationLandscapeLeft UIInterfaceOrientationLandscapeRight";
				LD_RUNPATH_SEARCH_PATHS = (
					"$(inherited)",
					"@executable_path/Frameworks",
				);
				MARKETING_VERSION = 1.0;
				PRODUCT_BUNDLE_IDENTIFIER = edu.uw.ischool.2375032.FridgeButler;
				PRODUCT_NAME = "$(TARGET_NAME)";
				SWIFT_EMIT_LOC_STRINGS = YES;
				SWIFT_VERSION = 5.0;
				TARGETED_DEVICE_FAMILY = "1,2";
			};
			name = Release;
		};
/* End XCBuildConfiguration section */

/* Begin XCConfigurationList section */
		59908F3E2BFF0E89000C14A3 /* Build configuration list for PBXProject "FridgeButler" */ = {
			isa = XCConfigurationList;
			buildConfigurations = (
				59908F542BFF0E8A000C14A3 /* Debug */,
				59908F552BFF0E8A000C14A3 /* Release */,
			);
			defaultConfigurationIsVisible = 0;
			defaultConfigurationName = Release;
		};
		59908F562BFF0E8A000C14A3 /* Build configuration list for PBXNativeTarget "FridgeButler" */ = {
			isa = XCConfigurationList;
			buildConfigurations = (
				59908F572BFF0E8A000C14A3 /* Debug */,
				59908F582BFF0E8A000C14A3 /* Release */,
			);
			defaultConfigurationIsVisible = 0;
			defaultConfigurationName = Release;
		};
/* End XCConfigurationList section */

/* Begin XCRemoteSwiftPackageReference section */
		F8F0FC072BFFC0B2001E1BFE /* XCRemoteSwiftPackageReference "firebase-ios-sdk" */ = {
			isa = XCRemoteSwiftPackageReference;
			repositoryURL = "https://github.com/firebase/firebase-ios-sdk";
			requirement = {
				kind = upToNextMajorVersion;
				minimumVersion = 10.26.0;
			};
		};
/* End XCRemoteSwiftPackageReference section */

/* Begin XCVersionGroup section */
		59908F512BFF0E8A000C14A3 /* FridgeButler.xcdatamodeld */ = {
			isa = XCVersionGroup;
			children = (
				59908F522BFF0E8A000C14A3 /* FridgeButler.xcdatamodel */,
			);
			currentVersion = 59908F522BFF0E8A000C14A3 /* FridgeButler.xcdatamodel */;
			path = FridgeButler.xcdatamodeld;
			sourceTree = "<group>";
			versionGroupType = wrapper.xcdatamodel;
		};
/* End XCVersionGroup section */
	};
	rootObject = 59908F3B2BFF0E89000C14A3 /* Project object */;
}
